// !$*UTF8*$!
{
	archiveVersion = 1;
	classes = {
	};
	objectVersion = 52;
	objects = {

/* Begin PBXBuildFile section */
		9207DC1A25DF495700AEF534 /* Authenticated.strings in Resources */ = {isa = PBXBuildFile; fileRef = 9207DC1925DF495700AEF534 /* Authenticated.strings */; };
		9207DC1B25DF495700AEF534 /* Authenticated.strings in Resources */ = {isa = PBXBuildFile; fileRef = 9207DC1925DF495700AEF534 /* Authenticated.strings */; };
		9207DC1E25DF642A00AEF534 /* EmptyResponse.swift in Sources */ = {isa = PBXBuildFile; fileRef = 9207DC1D25DF642A00AEF534 /* EmptyResponse.swift */; };
		9207DC2225DF647100AEF534 /* HTTPMethod.swift in Sources */ = {isa = PBXBuildFile; fileRef = 9207DC2125DF647100AEF534 /* HTTPMethod.swift */; };
		9207DC2625DF64E700AEF534 /* Array+QueryItem.swift in Sources */ = {isa = PBXBuildFile; fileRef = 9207DC2525DF64E700AEF534 /* Array+QueryItem.swift */; };
		920B0DA625D9D45C002C8AB3 /* Date+Descriptions.swift in Sources */ = {isa = PBXBuildFile; fileRef = 920B0DA525D9D45C002C8AB3 /* Date+Descriptions.swift */; };
		920B0DA725D9D45C002C8AB3 /* Date+Descriptions.swift in Sources */ = {isa = PBXBuildFile; fileRef = 920B0DA525D9D45C002C8AB3 /* Date+Descriptions.swift */; };
		921589E225DA08FC00C59A51 /* AppModel.swift in Sources */ = {isa = PBXBuildFile; fileRef = 921589E125DA08FC00C59A51 /* AppModel.swift */; };
		921589E425DA08FE00C59A51 /* AppModel.swift in Sources */ = {isa = PBXBuildFile; fileRef = 921589E125DA08FC00C59A51 /* AppModel.swift */; };
		921589E725DA092C00C59A51 /* AccountModel.swift in Sources */ = {isa = PBXBuildFile; fileRef = 921589E625DA092C00C59A51 /* AccountModel.swift */; };
		921589E825DA092C00C59A51 /* AccountModel.swift in Sources */ = {isa = PBXBuildFile; fileRef = 921589E625DA092C00C59A51 /* AccountModel.swift */; };
		921589EC25DA0CFE00C59A51 /* CombineExt in Frameworks */ = {isa = PBXBuildFile; productRef = 921589EB25DA0CFE00C59A51 /* CombineExt */; };
		921589EF25DA0D0B00C59A51 /* CombineExt in Frameworks */ = {isa = PBXBuildFile; productRef = 921589EE25DA0D0B00C59A51 /* CombineExt */; };
		921589F225DA0DDA00C59A51 /* Publisher+Optional.swift in Sources */ = {isa = PBXBuildFile; fileRef = 921589F125DA0DDA00C59A51 /* Publisher+Optional.swift */; };
		921589F325DA0DDA00C59A51 /* Publisher+Optional.swift in Sources */ = {isa = PBXBuildFile; fileRef = 921589F125DA0DDA00C59A51 /* Publisher+Optional.swift */; };
		92158A6F25DAD14A00C59A51 /* AliasesModel.swift in Sources */ = {isa = PBXBuildFile; fileRef = 92158A6E25DAD14A00C59A51 /* AliasesModel.swift */; };
		92158A7025DAD14A00C59A51 /* AliasesModel.swift in Sources */ = {isa = PBXBuildFile; fileRef = 92158A6E25DAD14A00C59A51 /* AliasesModel.swift */; };
		92158A7425DAD7E500C59A51 /* AuthenticatedModel.swift in Sources */ = {isa = PBXBuildFile; fileRef = 92158A7325DAD7E500C59A51 /* AuthenticatedModel.swift */; };
		92158A7525DAD7E500C59A51 /* AuthenticatedModel.swift in Sources */ = {isa = PBXBuildFile; fileRef = 92158A7325DAD7E500C59A51 /* AuthenticatedModel.swift */; };
		9216253B2593A850003713A1 /* AnonAddyClientApp.swift in Sources */ = {isa = PBXBuildFile; fileRef = 921625282593A84F003713A1 /* AnonAddyClientApp.swift */; };
		9216253C2593A850003713A1 /* AnonAddyClientApp.swift in Sources */ = {isa = PBXBuildFile; fileRef = 921625282593A84F003713A1 /* AnonAddyClientApp.swift */; };
		9216253D2593A850003713A1 /* ContentView.swift in Sources */ = {isa = PBXBuildFile; fileRef = 921625292593A84F003713A1 /* ContentView.swift */; };
		9216253E2593A850003713A1 /* ContentView.swift in Sources */ = {isa = PBXBuildFile; fileRef = 921625292593A84F003713A1 /* ContentView.swift */; };
		9216253F2593A850003713A1 /* Assets.xcassets in Resources */ = {isa = PBXBuildFile; fileRef = 9216252A2593A850003713A1 /* Assets.xcassets */; };
		921625402593A850003713A1 /* Assets.xcassets in Resources */ = {isa = PBXBuildFile; fileRef = 9216252A2593A850003713A1 /* Assets.xcassets */; };
		921625542593A8D7003713A1 /* AnonAddyAPI.h in Headers */ = {isa = PBXBuildFile; fileRef = 921625522593A8D7003713A1 /* AnonAddyAPI.h */; settings = {ATTRIBUTES = (Public, ); }; };
		921625572593A8D7003713A1 /* AnonAddyAPI.framework in Frameworks */ = {isa = PBXBuildFile; fileRef = 921625502593A8D7003713A1 /* AnonAddyAPI.framework */; };
		921625582593A8D7003713A1 /* AnonAddyAPI.framework in Embed Frameworks */ = {isa = PBXBuildFile; fileRef = 921625502593A8D7003713A1 /* AnonAddyAPI.framework */; settings = {ATTRIBUTES = (CodeSignOnCopy, RemoveHeadersOnCopy, ); }; };
		921625872593B02E003713A1 /* AnonAddyAPI.framework in Frameworks */ = {isa = PBXBuildFile; fileRef = 921625502593A8D7003713A1 /* AnonAddyAPI.framework */; };
		921625882593B02E003713A1 /* AnonAddyAPI.framework in Embed Frameworks */ = {isa = PBXBuildFile; fileRef = 921625502593A8D7003713A1 /* AnonAddyAPI.framework */; settings = {ATTRIBUTES = (CodeSignOnCopy, RemoveHeadersOnCopy, ); }; };
		9216258E2593B500003713A1 /* Client.swift in Sources */ = {isa = PBXBuildFile; fileRef = 9216258D2593B500003713A1 /* Client.swift */; };
		921625912593B5D6003713A1 /* AccessToken.swift in Sources */ = {isa = PBXBuildFile; fileRef = 921625902593B5D6003713A1 /* AccessToken.swift */; };
		921EC1FA25D9BCA5009F39A1 /* AliasEmailView.swift in Sources */ = {isa = PBXBuildFile; fileRef = 921EC1F925D9BCA5009F39A1 /* AliasEmailView.swift */; };
		921EC1FB25D9BCA5009F39A1 /* AliasEmailView.swift in Sources */ = {isa = PBXBuildFile; fileRef = 921EC1F925D9BCA5009F39A1 /* AliasEmailView.swift */; };
		921EC1FF25D9BD3B009F39A1 /* StackedListItemView.swift in Sources */ = {isa = PBXBuildFile; fileRef = 921EC1FE25D9BD3B009F39A1 /* StackedListItemView.swift */; };
		921EC20025D9BD3B009F39A1 /* StackedListItemView.swift in Sources */ = {isa = PBXBuildFile; fileRef = 921EC1FE25D9BD3B009F39A1 /* StackedListItemView.swift */; };
		9239337D2593DF49002B5CFC /* Account.swift in Sources */ = {isa = PBXBuildFile; fileRef = 9239337C2593DF49002B5CFC /* Account.swift */; };
		923FAD1125D78C1B00EAAE2B /* AliasListItemView.swift in Sources */ = {isa = PBXBuildFile; fileRef = 92EADB5C25D789740051EF08 /* AliasListItemView.swift */; };
		923FAD1225D78C1C00EAAE2B /* AliasListItemView.swift in Sources */ = {isa = PBXBuildFile; fileRef = 92EADB5C25D789740051EF08 /* AliasListItemView.swift */; };
		924815FD25DEC88000A7C485 /* CommitableTextFieldViewModel.swift in Sources */ = {isa = PBXBuildFile; fileRef = 924815FC25DEC88000A7C485 /* CommitableTextFieldViewModel.swift */; };
		924815FE25DEC88000A7C485 /* CommitableTextFieldViewModel.swift in Sources */ = {isa = PBXBuildFile; fileRef = 924815FC25DEC88000A7C485 /* CommitableTextFieldViewModel.swift */; };
		9251435825DC947E003432C3 /* CommitableTextField.swift in Sources */ = {isa = PBXBuildFile; fileRef = 9251435725DC947E003432C3 /* CommitableTextField.swift */; };
		9251435925DC947E003432C3 /* CommitableTextField.swift in Sources */ = {isa = PBXBuildFile; fileRef = 9251435725DC947E003432C3 /* CommitableTextField.swift */; };
		92638C0325D75D6600B53A76 /* Client+Preview.swift in Sources */ = {isa = PBXBuildFile; fileRef = 92638C0225D75D6600B53A76 /* Client+Preview.swift */; };
		92638C0425D75D6600B53A76 /* Client+Preview.swift in Sources */ = {isa = PBXBuildFile; fileRef = 92638C0225D75D6600B53A76 /* Client+Preview.swift */; };
		92638C0925D761E300B53A76 /* CompactAuthenticatedView.swift in Sources */ = {isa = PBXBuildFile; fileRef = 92638C0825D761E300B53A76 /* CompactAuthenticatedView.swift */; };
		92638C0A25D761E300B53A76 /* CompactAuthenticatedView.swift in Sources */ = {isa = PBXBuildFile; fileRef = 92638C0825D761E300B53A76 /* CompactAuthenticatedView.swift */; };
		92638C0F25D762DB00B53A76 /* RegularAuthenticatedView.swift in Sources */ = {isa = PBXBuildFile; fileRef = 92638C0E25D762DB00B53A76 /* RegularAuthenticatedView.swift */; };
		92638C1025D762DB00B53A76 /* RegularAuthenticatedView.swift in Sources */ = {isa = PBXBuildFile; fileRef = 92638C0E25D762DB00B53A76 /* RegularAuthenticatedView.swift */; };
		926B6CD125DED5FE00C1A171 /* AliasModel.swift in Sources */ = {isa = PBXBuildFile; fileRef = 926B6CD025DED5FE00C1A171 /* AliasModel.swift */; };
		926B6CD225DED5FE00C1A171 /* AliasModel.swift in Sources */ = {isa = PBXBuildFile; fileRef = 926B6CD025DED5FE00C1A171 /* AliasModel.swift */; };
		9281B8C025E0452B004AEED6 /* AliasEnabledView.swift in Sources */ = {isa = PBXBuildFile; fileRef = 9281B8BF25E0452B004AEED6 /* AliasEnabledView.swift */; };
		9281B8C125E0452B004AEED6 /* AliasEnabledView.swift in Sources */ = {isa = PBXBuildFile; fileRef = 9281B8BF25E0452B004AEED6 /* AliasEnabledView.swift */; };
		9287968C25DF2C94006DB73F /* AliasListItem.strings in Resources */ = {isa = PBXBuildFile; fileRef = 9287968B25DF2C94006DB73F /* AliasListItem.strings */; };
		9287968D25DF2C94006DB73F /* AliasListItem.strings in Resources */ = {isa = PBXBuildFile; fileRef = 9287968B25DF2C94006DB73F /* AliasListItem.strings */; };
		928A5F7E25D05AB100D6AE90 /* EndpointKind.swift in Sources */ = {isa = PBXBuildFile; fileRef = 928A5F7D25D05AB100D6AE90 /* EndpointKind.swift */; };
		928A5F8225D05AEB00D6AE90 /* Endpoint.swift in Sources */ = {isa = PBXBuildFile; fileRef = 928A5F8125D05AEB00D6AE90 /* Endpoint.swift */; };
		928A5F8525D05B1100D6AE90 /* EndpointKinds.swift in Sources */ = {isa = PBXBuildFile; fileRef = 928A5F8425D05B1100D6AE90 /* EndpointKinds.swift */; };
		928A5F8925D05B6500D6AE90 /* AccountLoader.swift in Sources */ = {isa = PBXBuildFile; fileRef = 928A5F8825D05B6500D6AE90 /* AccountLoader.swift */; };
		928A5F8E25D05BCA00D6AE90 /* NetworkResponse.swift in Sources */ = {isa = PBXBuildFile; fileRef = 928A5F8D25D05BCA00D6AE90 /* NetworkResponse.swift */; };
		928A5F9725D05C2C00D6AE90 /* URLSession+Request.swift in Sources */ = {isa = PBXBuildFile; fileRef = 928A5F9625D05C2C00D6AE90 /* URLSession+Request.swift */; };
		92A805F725D752BA0085AA9F /* AuthenticatedView.swift in Sources */ = {isa = PBXBuildFile; fileRef = 92A805F625D752BA0085AA9F /* AuthenticatedView.swift */; };
		92A805F825D752BA0085AA9F /* AuthenticatedView.swift in Sources */ = {isa = PBXBuildFile; fileRef = 92A805F625D752BA0085AA9F /* AuthenticatedView.swift */; };
		92B7247625DF2B61006C6F14 /* AliasListItemViewModelProtocol.swift in Sources */ = {isa = PBXBuildFile; fileRef = 92B7247525DF2B61006C6F14 /* AliasListItemViewModelProtocol.swift */; };
		92B7247725DF2B61006C6F14 /* AliasListItemViewModelProtocol.swift in Sources */ = {isa = PBXBuildFile; fileRef = 92B7247525DF2B61006C6F14 /* AliasListItemViewModelProtocol.swift */; };
		92B7247D25DF2B85006C6F14 /* AliasListItemViewModel.swift in Sources */ = {isa = PBXBuildFile; fileRef = 92B7247C25DF2B85006C6F14 /* AliasListItemViewModel.swift */; };
		92B7247E25DF2B85006C6F14 /* AliasListItemViewModel.swift in Sources */ = {isa = PBXBuildFile; fileRef = 92B7247C25DF2B85006C6F14 /* AliasListItemViewModel.swift */; };
		92B7248225DF2BA3006C6F14 /* FakeAliasListItemViewModel.swift in Sources */ = {isa = PBXBuildFile; fileRef = 92B7248125DF2BA3006C6F14 /* FakeAliasListItemViewModel.swift */; };
		92B7248325DF2BA3006C6F14 /* FakeAliasListItemViewModel.swift in Sources */ = {isa = PBXBuildFile; fileRef = 92B7248125DF2BA3006C6F14 /* FakeAliasListItemViewModel.swift */; };
		92B7248725DF2C1A006C6F14 /* AliasList.strings in Resources */ = {isa = PBXBuildFile; fileRef = 92B7248625DF2C1A006C6F14 /* AliasList.strings */; };
		92B7248825DF2C1A006C6F14 /* AliasList.strings in Resources */ = {isa = PBXBuildFile; fileRef = 92B7248625DF2C1A006C6F14 /* AliasList.strings */; };
		92BE51F225D07AF500E344FC /* Assets.swift in Sources */ = {isa = PBXBuildFile; fileRef = 92BE51F125D07AF500E344FC /* Assets.swift */; };
		92BE51F525D07BEF00E344FC /* Assets.swift in Sources */ = {isa = PBXBuildFile; fileRef = 92BE51F125D07AF500E344FC /* Assets.swift */; };
		92BE51F825D07BF600E344FC /* LoginView.swift in Sources */ = {isa = PBXBuildFile; fileRef = 928A5F9C25D0620400D6AE90 /* LoginView.swift */; };
		92BE51FA25D07BF700E344FC /* LoginView.swift in Sources */ = {isa = PBXBuildFile; fileRef = 928A5F9C25D0620400D6AE90 /* LoginView.swift */; };
		92BE51FD25D0809800E344FC /* Login.strings in Resources */ = {isa = PBXBuildFile; fileRef = 92BE51FC25D0809800E344FC /* Login.strings */; };
		92BE51FE25D0809800E344FC /* Login.strings in Resources */ = {isa = PBXBuildFile; fileRef = 92BE51FC25D0809800E344FC /* Login.strings */; };
		92BE520525D0864D00E344FC /* LoginViewModel.swift in Sources */ = {isa = PBXBuildFile; fileRef = 92BE520425D0864D00E344FC /* LoginViewModel.swift */; };
		92BE520625D0864D00E344FC /* LoginViewModel.swift in Sources */ = {isa = PBXBuildFile; fileRef = 92BE520425D0864D00E344FC /* LoginViewModel.swift */; };
		92BE520925D08BA500E344FC /* DisabledButtonStyle.swift in Sources */ = {isa = PBXBuildFile; fileRef = 92BE520825D08BA500E344FC /* DisabledButtonStyle.swift */; };
		92BE520A25D08BA500E344FC /* DisabledButtonStyle.swift in Sources */ = {isa = PBXBuildFile; fileRef = 92BE520825D08BA500E344FC /* DisabledButtonStyle.swift */; };
		92BE520E25D194A100E344FC /* DataTaskPublisher+Validation.swift in Sources */ = {isa = PBXBuildFile; fileRef = 92BE520D25D194A100E344FC /* DataTaskPublisher+Validation.swift */; };
		92BE521225D194D600E344FC /* APIError.swift in Sources */ = {isa = PBXBuildFile; fileRef = 92BE521125D194D600E344FC /* APIError.swift */; };
		92BE521B25D19A4D00E344FC /* KeychainAccess in Frameworks */ = {isa = PBXBuildFile; productRef = 92BE521A25D19A4D00E344FC /* KeychainAccess */; };
		92BE521E25D19A9700E344FC /* KeychainAccess in Frameworks */ = {isa = PBXBuildFile; productRef = 92BE521D25D19A9700E344FC /* KeychainAccess */; };
		92BE522225D1A3F900E344FC /* ActivityIndicatorView.swift in Sources */ = {isa = PBXBuildFile; fileRef = 92BE522125D1A3F900E344FC /* ActivityIndicatorView.swift */; };
		92BE522325D1A3F900E344FC /* ActivityIndicatorView.swift in Sources */ = {isa = PBXBuildFile; fileRef = 92BE522125D1A3F900E344FC /* ActivityIndicatorView.swift */; };
		92EADB3E25D7794E0051EF08 /* Alias.swift in Sources */ = {isa = PBXBuildFile; fileRef = 92EADB3D25D7794E0051EF08 /* Alias.swift */; };
		92EADB4225D7799D0051EF08 /* Domain.swift in Sources */ = {isa = PBXBuildFile; fileRef = 92EADB4125D7799D0051EF08 /* Domain.swift */; };
		92EADB4525D77A800051EF08 /* Email.swift in Sources */ = {isa = PBXBuildFile; fileRef = 92EADB4425D77A800051EF08 /* Email.swift */; };
		92EADB4F25D77C6F0051EF08 /* AliasListView.swift in Sources */ = {isa = PBXBuildFile; fileRef = 92EADB4E25D77C6F0051EF08 /* AliasListView.swift */; };
		92EADB5025D77C6F0051EF08 /* AliasListView.swift in Sources */ = {isa = PBXBuildFile; fileRef = 92EADB4E25D77C6F0051EF08 /* AliasListView.swift */; };
		92EADB5725D77D100051EF08 /* AliasLoader.swift in Sources */ = {isa = PBXBuildFile; fileRef = 92EADB5625D77D100051EF08 /* AliasLoader.swift */; };
		92EADB5A25D780EE0051EF08 /* JSONDecoder+DefaultTypes.swift in Sources */ = {isa = PBXBuildFile; fileRef = 92EADB5925D780EE0051EF08 /* JSONDecoder+DefaultTypes.swift */; };
/* End PBXBuildFile section */

/* Begin PBXContainerItemProxy section */
		921625552593A8D7003713A1 /* PBXContainerItemProxy */ = {
			isa = PBXContainerItemProxy;
			containerPortal = 921625232593A84F003713A1 /* Project object */;
			proxyType = 1;
			remoteGlobalIDString = 9216254F2593A8D7003713A1;
			remoteInfo = AnonAddyAPI;
		};
		921625892593B02F003713A1 /* PBXContainerItemProxy */ = {
			isa = PBXContainerItemProxy;
			containerPortal = 921625232593A84F003713A1 /* Project object */;
			proxyType = 1;
			remoteGlobalIDString = 9216254F2593A8D7003713A1;
			remoteInfo = AnonAddyAPI;
		};
/* End PBXContainerItemProxy section */

/* Begin PBXCopyFilesBuildPhase section */
		9216255C2593A8D7003713A1 /* Embed Frameworks */ = {
			isa = PBXCopyFilesBuildPhase;
			buildActionMask = 2147483647;
			dstPath = "";
			dstSubfolderSpec = 10;
			files = (
				921625582593A8D7003713A1 /* AnonAddyAPI.framework in Embed Frameworks */,
			);
			name = "Embed Frameworks";
			runOnlyForDeploymentPostprocessing = 0;
		};
		921625702593AA00003713A1 /* Embed Frameworks */ = {
			isa = PBXCopyFilesBuildPhase;
			buildActionMask = 2147483647;
			dstPath = "";
			dstSubfolderSpec = 10;
			files = (
				921625882593B02E003713A1 /* AnonAddyAPI.framework in Embed Frameworks */,
			);
			name = "Embed Frameworks";
			runOnlyForDeploymentPostprocessing = 0;
		};
/* End PBXCopyFilesBuildPhase section */

/* Begin PBXFileReference section */
		9207DC1925DF495700AEF534 /* Authenticated.strings */ = {isa = PBXFileReference; lastKnownFileType = text.plist.strings; path = Authenticated.strings; sourceTree = "<group>"; };
		9207DC1D25DF642A00AEF534 /* EmptyResponse.swift */ = {isa = PBXFileReference; lastKnownFileType = sourcecode.swift; path = EmptyResponse.swift; sourceTree = "<group>"; };
		9207DC2125DF647100AEF534 /* HTTPMethod.swift */ = {isa = PBXFileReference; lastKnownFileType = sourcecode.swift; path = HTTPMethod.swift; sourceTree = "<group>"; };
		9207DC2525DF64E700AEF534 /* Array+QueryItem.swift */ = {isa = PBXFileReference; lastKnownFileType = sourcecode.swift; path = "Array+QueryItem.swift"; sourceTree = "<group>"; };
		920B0DA525D9D45C002C8AB3 /* Date+Descriptions.swift */ = {isa = PBXFileReference; lastKnownFileType = sourcecode.swift; path = "Date+Descriptions.swift"; sourceTree = "<group>"; };
		921589E125DA08FC00C59A51 /* AppModel.swift */ = {isa = PBXFileReference; lastKnownFileType = sourcecode.swift; path = AppModel.swift; sourceTree = "<group>"; };
		921589E625DA092C00C59A51 /* AccountModel.swift */ = {isa = PBXFileReference; lastKnownFileType = sourcecode.swift; path = AccountModel.swift; sourceTree = "<group>"; };
		921589F125DA0DDA00C59A51 /* Publisher+Optional.swift */ = {isa = PBXFileReference; lastKnownFileType = sourcecode.swift; path = "Publisher+Optional.swift"; sourceTree = "<group>"; };
		92158A6E25DAD14A00C59A51 /* AliasesModel.swift */ = {isa = PBXFileReference; lastKnownFileType = sourcecode.swift; path = AliasesModel.swift; sourceTree = "<group>"; };
		92158A7325DAD7E500C59A51 /* AuthenticatedModel.swift */ = {isa = PBXFileReference; lastKnownFileType = sourcecode.swift; path = AuthenticatedModel.swift; sourceTree = "<group>"; };
		921625282593A84F003713A1 /* AnonAddyClientApp.swift */ = {isa = PBXFileReference; lastKnownFileType = sourcecode.swift; path = AnonAddyClientApp.swift; sourceTree = "<group>"; };
		921625292593A84F003713A1 /* ContentView.swift */ = {isa = PBXFileReference; lastKnownFileType = sourcecode.swift; path = ContentView.swift; sourceTree = "<group>"; };
		9216252A2593A850003713A1 /* Assets.xcassets */ = {isa = PBXFileReference; lastKnownFileType = folder.assetcatalog; path = Assets.xcassets; sourceTree = "<group>"; };
		9216252F2593A850003713A1 /* AnonAddyClient.app */ = {isa = PBXFileReference; explicitFileType = wrapper.application; includeInIndex = 0; path = AnonAddyClient.app; sourceTree = BUILT_PRODUCTS_DIR; };
		921625322593A850003713A1 /* Info.plist */ = {isa = PBXFileReference; lastKnownFileType = text.plist.xml; path = Info.plist; sourceTree = "<group>"; };
		921625372593A850003713A1 /* AnonAddyClient.app */ = {isa = PBXFileReference; explicitFileType = wrapper.application; includeInIndex = 0; path = AnonAddyClient.app; sourceTree = BUILT_PRODUCTS_DIR; };
		921625392593A850003713A1 /* Info.plist */ = {isa = PBXFileReference; lastKnownFileType = text.plist.xml; path = Info.plist; sourceTree = "<group>"; };
		9216253A2593A850003713A1 /* macOS.entitlements */ = {isa = PBXFileReference; lastKnownFileType = text.plist.entitlements; path = macOS.entitlements; sourceTree = "<group>"; };
		921625502593A8D7003713A1 /* AnonAddyAPI.framework */ = {isa = PBXFileReference; explicitFileType = wrapper.framework; includeInIndex = 0; path = AnonAddyAPI.framework; sourceTree = BUILT_PRODUCTS_DIR; };
		921625522593A8D7003713A1 /* AnonAddyAPI.h */ = {isa = PBXFileReference; lastKnownFileType = sourcecode.c.h; path = AnonAddyAPI.h; sourceTree = "<group>"; };
		921625532593A8D7003713A1 /* Info.plist */ = {isa = PBXFileReference; lastKnownFileType = text.plist.xml; path = Info.plist; sourceTree = "<group>"; };
		9216258D2593B500003713A1 /* Client.swift */ = {isa = PBXFileReference; lastKnownFileType = sourcecode.swift; path = Client.swift; sourceTree = "<group>"; };
		921625902593B5D6003713A1 /* AccessToken.swift */ = {isa = PBXFileReference; lastKnownFileType = sourcecode.swift; path = AccessToken.swift; sourceTree = "<group>"; };
		921EC1F925D9BCA5009F39A1 /* AliasEmailView.swift */ = {isa = PBXFileReference; lastKnownFileType = sourcecode.swift; path = AliasEmailView.swift; sourceTree = "<group>"; };
		921EC1FE25D9BD3B009F39A1 /* StackedListItemView.swift */ = {isa = PBXFileReference; lastKnownFileType = sourcecode.swift; path = StackedListItemView.swift; sourceTree = "<group>"; };
		9239337C2593DF49002B5CFC /* Account.swift */ = {isa = PBXFileReference; lastKnownFileType = sourcecode.swift; path = Account.swift; sourceTree = "<group>"; };
		924815FC25DEC88000A7C485 /* CommitableTextFieldViewModel.swift */ = {isa = PBXFileReference; lastKnownFileType = sourcecode.swift; path = CommitableTextFieldViewModel.swift; sourceTree = "<group>"; };
		9251435725DC947E003432C3 /* CommitableTextField.swift */ = {isa = PBXFileReference; lastKnownFileType = sourcecode.swift; path = CommitableTextField.swift; sourceTree = "<group>"; };
		92638C0225D75D6600B53A76 /* Client+Preview.swift */ = {isa = PBXFileReference; lastKnownFileType = sourcecode.swift; path = "Client+Preview.swift"; sourceTree = "<group>"; };
		92638C0825D761E300B53A76 /* CompactAuthenticatedView.swift */ = {isa = PBXFileReference; lastKnownFileType = sourcecode.swift; path = CompactAuthenticatedView.swift; sourceTree = "<group>"; };
		92638C0E25D762DB00B53A76 /* RegularAuthenticatedView.swift */ = {isa = PBXFileReference; lastKnownFileType = sourcecode.swift; path = RegularAuthenticatedView.swift; sourceTree = "<group>"; };
		926B6CD025DED5FE00C1A171 /* AliasModel.swift */ = {isa = PBXFileReference; lastKnownFileType = sourcecode.swift; path = AliasModel.swift; sourceTree = "<group>"; };
		9281B8BF25E0452B004AEED6 /* AliasEnabledView.swift */ = {isa = PBXFileReference; lastKnownFileType = sourcecode.swift; path = AliasEnabledView.swift; sourceTree = "<group>"; };
		9287968B25DF2C94006DB73F /* AliasListItem.strings */ = {isa = PBXFileReference; lastKnownFileType = text.plist.strings; path = AliasListItem.strings; sourceTree = "<group>"; };
		928A5F7D25D05AB100D6AE90 /* EndpointKind.swift */ = {isa = PBXFileReference; lastKnownFileType = sourcecode.swift; name = EndpointKind.swift; path = AnonAddyAPI/EndpointKind.swift; sourceTree = SOURCE_ROOT; };
		928A5F8125D05AEB00D6AE90 /* Endpoint.swift */ = {isa = PBXFileReference; lastKnownFileType = sourcecode.swift; path = Endpoint.swift; sourceTree = "<group>"; };
		928A5F8425D05B1100D6AE90 /* EndpointKinds.swift */ = {isa = PBXFileReference; lastKnownFileType = sourcecode.swift; path = EndpointKinds.swift; sourceTree = "<group>"; };
		928A5F8825D05B6500D6AE90 /* AccountLoader.swift */ = {isa = PBXFileReference; lastKnownFileType = sourcecode.swift; path = AccountLoader.swift; sourceTree = "<group>"; };
		928A5F8D25D05BCA00D6AE90 /* NetworkResponse.swift */ = {isa = PBXFileReference; lastKnownFileType = sourcecode.swift; path = NetworkResponse.swift; sourceTree = "<group>"; };
		928A5F9625D05C2C00D6AE90 /* URLSession+Request.swift */ = {isa = PBXFileReference; lastKnownFileType = sourcecode.swift; path = "URLSession+Request.swift"; sourceTree = "<group>"; };
		928A5F9C25D0620400D6AE90 /* LoginView.swift */ = {isa = PBXFileReference; lastKnownFileType = sourcecode.swift; path = LoginView.swift; sourceTree = "<group>"; };
		92A805F625D752BA0085AA9F /* AuthenticatedView.swift */ = {isa = PBXFileReference; lastKnownFileType = sourcecode.swift; path = AuthenticatedView.swift; sourceTree = "<group>"; };
		92B7247525DF2B61006C6F14 /* AliasListItemViewModelProtocol.swift */ = {isa = PBXFileReference; lastKnownFileType = sourcecode.swift; path = AliasListItemViewModelProtocol.swift; sourceTree = "<group>"; };
		92B7247C25DF2B85006C6F14 /* AliasListItemViewModel.swift */ = {isa = PBXFileReference; lastKnownFileType = sourcecode.swift; path = AliasListItemViewModel.swift; sourceTree = "<group>"; };
		92B7248125DF2BA3006C6F14 /* FakeAliasListItemViewModel.swift */ = {isa = PBXFileReference; lastKnownFileType = sourcecode.swift; path = FakeAliasListItemViewModel.swift; sourceTree = "<group>"; };
		92B7248625DF2C1A006C6F14 /* AliasList.strings */ = {isa = PBXFileReference; lastKnownFileType = text.plist.strings; path = AliasList.strings; sourceTree = "<group>"; };
		92BE51F125D07AF500E344FC /* Assets.swift */ = {isa = PBXFileReference; lastKnownFileType = sourcecode.swift; path = Assets.swift; sourceTree = "<group>"; };
		92BE51FC25D0809800E344FC /* Login.strings */ = {isa = PBXFileReference; lastKnownFileType = text.plist.strings; path = Login.strings; sourceTree = "<group>"; };
		92BE520425D0864D00E344FC /* LoginViewModel.swift */ = {isa = PBXFileReference; lastKnownFileType = sourcecode.swift; path = LoginViewModel.swift; sourceTree = "<group>"; };
		92BE520825D08BA500E344FC /* DisabledButtonStyle.swift */ = {isa = PBXFileReference; lastKnownFileType = sourcecode.swift; path = DisabledButtonStyle.swift; sourceTree = "<group>"; };
		92BE520D25D194A100E344FC /* DataTaskPublisher+Validation.swift */ = {isa = PBXFileReference; lastKnownFileType = sourcecode.swift; path = "DataTaskPublisher+Validation.swift"; sourceTree = "<group>"; };
		92BE521125D194D600E344FC /* APIError.swift */ = {isa = PBXFileReference; lastKnownFileType = sourcecode.swift; path = APIError.swift; sourceTree = "<group>"; };
		92BE522125D1A3F900E344FC /* ActivityIndicatorView.swift */ = {isa = PBXFileReference; lastKnownFileType = sourcecode.swift; path = ActivityIndicatorView.swift; sourceTree = "<group>"; };
		92EADB3D25D7794E0051EF08 /* Alias.swift */ = {isa = PBXFileReference; lastKnownFileType = sourcecode.swift; path = Alias.swift; sourceTree = "<group>"; };
		92EADB4125D7799D0051EF08 /* Domain.swift */ = {isa = PBXFileReference; lastKnownFileType = sourcecode.swift; path = Domain.swift; sourceTree = "<group>"; };
		92EADB4425D77A800051EF08 /* Email.swift */ = {isa = PBXFileReference; lastKnownFileType = sourcecode.swift; path = Email.swift; sourceTree = "<group>"; };
		92EADB4E25D77C6F0051EF08 /* AliasListView.swift */ = {isa = PBXFileReference; lastKnownFileType = sourcecode.swift; path = AliasListView.swift; sourceTree = "<group>"; };
		92EADB5625D77D100051EF08 /* AliasLoader.swift */ = {isa = PBXFileReference; lastKnownFileType = sourcecode.swift; path = AliasLoader.swift; sourceTree = "<group>"; };
		92EADB5925D780EE0051EF08 /* JSONDecoder+DefaultTypes.swift */ = {isa = PBXFileReference; lastKnownFileType = sourcecode.swift; path = "JSONDecoder+DefaultTypes.swift"; sourceTree = "<group>"; };
		92EADB5C25D789740051EF08 /* AliasListItemView.swift */ = {isa = PBXFileReference; lastKnownFileType = sourcecode.swift; path = AliasListItemView.swift; sourceTree = "<group>"; };
/* End PBXFileReference section */

/* Begin PBXFrameworksBuildPhase section */
		9216252C2593A850003713A1 /* Frameworks */ = {
			isa = PBXFrameworksBuildPhase;
			buildActionMask = 2147483647;
			files = (
				92BE521B25D19A4D00E344FC /* KeychainAccess in Frameworks */,
				921589EC25DA0CFE00C59A51 /* CombineExt in Frameworks */,
				921625572593A8D7003713A1 /* AnonAddyAPI.framework in Frameworks */,
			);
			runOnlyForDeploymentPostprocessing = 0;
		};
		921625342593A850003713A1 /* Frameworks */ = {
			isa = PBXFrameworksBuildPhase;
			buildActionMask = 2147483647;
			files = (
				92BE521E25D19A9700E344FC /* KeychainAccess in Frameworks */,
				921589EF25DA0D0B00C59A51 /* CombineExt in Frameworks */,
				921625872593B02E003713A1 /* AnonAddyAPI.framework in Frameworks */,
			);
			runOnlyForDeploymentPostprocessing = 0;
		};
		9216254D2593A8D7003713A1 /* Frameworks */ = {
			isa = PBXFrameworksBuildPhase;
			buildActionMask = 2147483647;
			files = (
			);
			runOnlyForDeploymentPostprocessing = 0;
		};
/* End PBXFrameworksBuildPhase section */

/* Begin PBXGroup section */
		9207DC2025DF645800AEF534 /* Types */ = {
			isa = PBXGroup;
			children = (
				9207DC2125DF647100AEF534 /* HTTPMethod.swift */,
			);
			path = Types;
			sourceTree = "<group>";
		};
		920B0DA425D9D449002C8AB3 /* Extensions */ = {
			isa = PBXGroup;
			children = (
				928A16D825DECB7500FE269D /* AnonAddyAPI */,
				920B0DA525D9D45C002C8AB3 /* Date+Descriptions.swift */,
				921589F125DA0DDA00C59A51 /* Publisher+Optional.swift */,
			);
			path = Extensions;
			sourceTree = "<group>";
		};
		921589E025DA08EA00C59A51 /* Models */ = {
			isa = PBXGroup;
			children = (
				921589E125DA08FC00C59A51 /* AppModel.swift */,
				921589E625DA092C00C59A51 /* AccountModel.swift */,
				926B6CD025DED5FE00C1A171 /* AliasModel.swift */,
				92158A6E25DAD14A00C59A51 /* AliasesModel.swift */,
				92158A7325DAD7E500C59A51 /* AuthenticatedModel.swift */,
			);
			path = Models;
			sourceTree = "<group>";
		};
		921625222593A84F003713A1 = {
			isa = PBXGroup;
			children = (
				921625272593A84F003713A1 /* Shared */,
				921625312593A850003713A1 /* iOS */,
				921625382593A850003713A1 /* macOS */,
				921625512593A8D7003713A1 /* AnonAddyAPI */,
				921625302593A850003713A1 /* Products */,
				921625862593B02E003713A1 /* Frameworks */,
			);
			sourceTree = "<group>";
		};
		921625272593A84F003713A1 /* Shared */ = {
			isa = PBXGroup;
			children = (
				921625282593A84F003713A1 /* AnonAddyClientApp.swift */,
				9216252A2593A850003713A1 /* Assets.xcassets */,
				92BE51F125D07AF500E344FC /* Assets.swift */,
				921589E025DA08EA00C59A51 /* Models */,
				920B0DA425D9D449002C8AB3 /* Extensions */,
				921EC1F825D9BC7E009F39A1 /* CommonViews */,
				92BE520225D080A700E344FC /* Flows */,
			);
			path = Shared;
			sourceTree = "<group>";
		};
		921625302593A850003713A1 /* Products */ = {
			isa = PBXGroup;
			children = (
				9216252F2593A850003713A1 /* AnonAddyClient.app */,
				921625372593A850003713A1 /* AnonAddyClient.app */,
				921625502593A8D7003713A1 /* AnonAddyAPI.framework */,
			);
			name = Products;
			sourceTree = "<group>";
		};
		921625312593A850003713A1 /* iOS */ = {
			isa = PBXGroup;
			children = (
				921625322593A850003713A1 /* Info.plist */,
			);
			path = iOS;
			sourceTree = "<group>";
		};
		921625382593A850003713A1 /* macOS */ = {
			isa = PBXGroup;
			children = (
				921625392593A850003713A1 /* Info.plist */,
				9216253A2593A850003713A1 /* macOS.entitlements */,
			);
			path = macOS;
			sourceTree = "<group>";
		};
		921625512593A8D7003713A1 /* AnonAddyAPI */ = {
			isa = PBXGroup;
			children = (
				928A5F8C25D05BBC00D6AE90 /* Networking */,
				928A5F8B25D05B8100D6AE90 /* DataModels */,
				928A5F7625D055F300D6AE90 /* Errors */,
				921625522593A8D7003713A1 /* AnonAddyAPI.h */,
				921625532593A8D7003713A1 /* Info.plist */,
			);
			path = AnonAddyAPI;
			sourceTree = "<group>";
		};
		921625862593B02E003713A1 /* Frameworks */ = {
			isa = PBXGroup;
			children = (
			);
			name = Frameworks;
			sourceTree = "<group>";
		};
		921EC1F825D9BC7E009F39A1 /* CommonViews */ = {
			isa = PBXGroup;
			children = (
				92BE522125D1A3F900E344FC /* ActivityIndicatorView.swift */,
				921EC1F925D9BCA5009F39A1 /* AliasEmailView.swift */,
				9281B8BF25E0452B004AEED6 /* AliasEnabledView.swift */,
				92BE520825D08BA500E344FC /* DisabledButtonStyle.swift */,
				921EC1FE25D9BD3B009F39A1 /* StackedListItemView.swift */,
				924815FB25DEC86400A7C485 /* CommitableTextField */,
			);
			path = CommonViews;
			sourceTree = "<group>";
		};
		924815FB25DEC86400A7C485 /* CommitableTextField */ = {
			isa = PBXGroup;
			children = (
				9251435725DC947E003432C3 /* CommitableTextField.swift */,
				924815FC25DEC88000A7C485 /* CommitableTextFieldViewModel.swift */,
			);
			path = CommitableTextField;
			sourceTree = "<group>";
		};
		92638C0725D761B900B53A76 /* CompactContainer */ = {
			isa = PBXGroup;
			children = (
				92638C0825D761E300B53A76 /* CompactAuthenticatedView.swift */,
			);
			path = CompactContainer;
			sourceTree = "<group>";
		};
		92638C0D25D762C800B53A76 /* RegularContainer */ = {
			isa = PBXGroup;
			children = (
				92638C0E25D762DB00B53A76 /* RegularAuthenticatedView.swift */,
			);
			path = RegularContainer;
			sourceTree = "<group>";
		};
		928A16D825DECB7500FE269D /* AnonAddyAPI */ = {
			isa = PBXGroup;
			children = (
				92638C0225D75D6600B53A76 /* Client+Preview.swift */,
			);
			path = AnonAddyAPI;
			sourceTree = "<group>";
		};
		928A5F7625D055F300D6AE90 /* Errors */ = {
			isa = PBXGroup;
			children = (
				92BE521125D194D600E344FC /* APIError.swift */,
			);
			path = Errors;
			sourceTree = "<group>";
		};
		928A5F7C25D05A9600D6AE90 /* Endpoint */ = {
			isa = PBXGroup;
			children = (
				928A5F7D25D05AB100D6AE90 /* EndpointKind.swift */,
				928A5F8425D05B1100D6AE90 /* EndpointKinds.swift */,
				928A5F8125D05AEB00D6AE90 /* Endpoint.swift */,
			);
			path = Endpoint;
			sourceTree = "<group>";
		};
		928A5F8B25D05B8100D6AE90 /* DataModels */ = {
			isa = PBXGroup;
			children = (
				928A5F9125D05BEE00D6AE90 /* Response */,
				92EADB4025D779870051EF08 /* Types */,
				928A5F9325D05BFA00D6AE90 /* API */,
			);
			path = DataModels;
			sourceTree = "<group>";
		};
		928A5F8C25D05BBC00D6AE90 /* Networking */ = {
			isa = PBXGroup;
			children = (
				9207DC2025DF645800AEF534 /* Types */,
				92BE520C25D1948B00E344FC /* Extensions */,
				928A5F9A25D05CCA00D6AE90 /* Session */,
				928A5F9925D05CBD00D6AE90 /* Loaders */,
				928A5F7C25D05A9600D6AE90 /* Endpoint */,
				928A5F9625D05C2C00D6AE90 /* URLSession+Request.swift */,
			);
			path = Networking;
			sourceTree = "<group>";
		};
		928A5F9125D05BEE00D6AE90 /* Response */ = {
			isa = PBXGroup;
			children = (
				928A5F8D25D05BCA00D6AE90 /* NetworkResponse.swift */,
				9207DC1D25DF642A00AEF534 /* EmptyResponse.swift */,
			);
			path = Response;
			sourceTree = "<group>";
		};
		928A5F9325D05BFA00D6AE90 /* API */ = {
			isa = PBXGroup;
			children = (
				9239337C2593DF49002B5CFC /* Account.swift */,
				92EADB3D25D7794E0051EF08 /* Alias.swift */,
			);
			path = API;
			sourceTree = "<group>";
		};
		928A5F9925D05CBD00D6AE90 /* Loaders */ = {
			isa = PBXGroup;
			children = (
				928A5F8825D05B6500D6AE90 /* AccountLoader.swift */,
				92EADB5625D77D100051EF08 /* AliasLoader.swift */,
			);
			path = Loaders;
			sourceTree = "<group>";
		};
		928A5F9A25D05CCA00D6AE90 /* Session */ = {
			isa = PBXGroup;
			children = (
				9216258D2593B500003713A1 /* Client.swift */,
			);
			path = Session;
			sourceTree = "<group>";
		};
		92A805F525D752A50085AA9F /* AuthenticatedView */ = {
			isa = PBXGroup;
			children = (
				92638C0D25D762C800B53A76 /* RegularContainer */,
				92638C0725D761B900B53A76 /* CompactContainer */,
				92A805F625D752BA0085AA9F /* AuthenticatedView.swift */,
				9207DC1925DF495700AEF534 /* Authenticated.strings */,
			);
			path = AuthenticatedView;
			sourceTree = "<group>";
		};
		92B7247325DF2B22006C6F14 /* ListItem */ = {
			isa = PBXGroup;
			children = (
				92EADB5C25D789740051EF08 /* AliasListItemView.swift */,
				9287968B25DF2C94006DB73F /* AliasListItem.strings */,
				92B7247A25DF2B6A006C6F14 /* ViewModel */,
			);
			path = ListItem;
			sourceTree = "<group>";
		};
		92B7247A25DF2B6A006C6F14 /* ViewModel */ = {
			isa = PBXGroup;
			children = (
				92B7247525DF2B61006C6F14 /* AliasListItemViewModelProtocol.swift */,
				92B7247C25DF2B85006C6F14 /* AliasListItemViewModel.swift */,
				92B7248125DF2BA3006C6F14 /* FakeAliasListItemViewModel.swift */,
			);
			path = ViewModel;
			sourceTree = "<group>";
		};
		92BE520025D080A000E344FC /* Login */ = {
			isa = PBXGroup;
			children = (
				928A5F9C25D0620400D6AE90 /* LoginView.swift */,
				92BE520425D0864D00E344FC /* LoginViewModel.swift */,
				92BE51FC25D0809800E344FC /* Login.strings */,
			);
			path = Login;
			sourceTree = "<group>";
		};
		92BE520225D080A700E344FC /* Flows */ = {
			isa = PBXGroup;
			children = (
				92EADB4725D77C480051EF08 /* Aliases */,
				92A805F525D752A50085AA9F /* AuthenticatedView */,
				92BE522C25D1AE4100E344FC /* Startup */,
				92BE520025D080A000E344FC /* Login */,
			);
			path = Flows;
			sourceTree = "<group>";
		};
		92BE520C25D1948B00E344FC /* Extensions */ = {
			isa = PBXGroup;
			children = (
				9207DC2525DF64E700AEF534 /* Array+QueryItem.swift */,
				92BE520D25D194A100E344FC /* DataTaskPublisher+Validation.swift */,
				92EADB5925D780EE0051EF08 /* JSONDecoder+DefaultTypes.swift */,
			);
			path = Extensions;
			sourceTree = "<group>";
		};
		92BE522C25D1AE4100E344FC /* Startup */ = {
			isa = PBXGroup;
			children = (
				921625292593A84F003713A1 /* ContentView.swift */,
			);
			path = Startup;
			sourceTree = "<group>";
		};
		92EADB4025D779870051EF08 /* Types */ = {
			isa = PBXGroup;
			children = (
				921625902593B5D6003713A1 /* AccessToken.swift */,
				92EADB4125D7799D0051EF08 /* Domain.swift */,
				92EADB4425D77A800051EF08 /* Email.swift */,
			);
			path = Types;
			sourceTree = "<group>";
		};
		92EADB4725D77C480051EF08 /* Aliases */ = {
			isa = PBXGroup;
			children = (
				92EADB4E25D77C6F0051EF08 /* AliasListView.swift */,
				92B7248625DF2C1A006C6F14 /* AliasList.strings */,
				92B7247325DF2B22006C6F14 /* ListItem */,
			);
			path = Aliases;
			sourceTree = "<group>";
		};
/* End PBXGroup section */

/* Begin PBXHeadersBuildPhase section */
		9216254B2593A8D7003713A1 /* Headers */ = {
			isa = PBXHeadersBuildPhase;
			buildActionMask = 2147483647;
			files = (
				921625542593A8D7003713A1 /* AnonAddyAPI.h in Headers */,
			);
			runOnlyForDeploymentPostprocessing = 0;
		};
/* End PBXHeadersBuildPhase section */

/* Begin PBXNativeTarget section */
		9216252E2593A850003713A1 /* AnonAddyClient (iOS) */ = {
			isa = PBXNativeTarget;
			buildConfigurationList = 921625432593A850003713A1 /* Build configuration list for PBXNativeTarget "AnonAddyClient (iOS)" */;
			buildPhases = (
				9216252B2593A850003713A1 /* Sources */,
				9216252C2593A850003713A1 /* Frameworks */,
				9216252D2593A850003713A1 /* Resources */,
				9216255C2593A8D7003713A1 /* Embed Frameworks */,
			);
			buildRules = (
			);
			dependencies = (
				921625562593A8D7003713A1 /* PBXTargetDependency */,
			);
			name = "AnonAddyClient (iOS)";
			packageProductDependencies = (
				92BE521A25D19A4D00E344FC /* KeychainAccess */,
				921589EB25DA0CFE00C59A51 /* CombineExt */,
			);
			productName = "AnonAddyClient (iOS)";
			productReference = 9216252F2593A850003713A1 /* AnonAddyClient.app */;
			productType = "com.apple.product-type.application";
		};
		921625362593A850003713A1 /* AnonAddyClient (macOS) */ = {
			isa = PBXNativeTarget;
			buildConfigurationList = 921625462593A850003713A1 /* Build configuration list for PBXNativeTarget "AnonAddyClient (macOS)" */;
			buildPhases = (
				921625332593A850003713A1 /* Sources */,
				921625342593A850003713A1 /* Frameworks */,
				921625352593A850003713A1 /* Resources */,
				921625702593AA00003713A1 /* Embed Frameworks */,
			);
			buildRules = (
			);
			dependencies = (
				9216258A2593B02F003713A1 /* PBXTargetDependency */,
			);
			name = "AnonAddyClient (macOS)";
			packageProductDependencies = (
				92BE521D25D19A9700E344FC /* KeychainAccess */,
				921589EE25DA0D0B00C59A51 /* CombineExt */,
			);
			productName = "AnonAddyClient (macOS)";
			productReference = 921625372593A850003713A1 /* AnonAddyClient.app */;
			productType = "com.apple.product-type.application";
		};
		9216254F2593A8D7003713A1 /* AnonAddyAPI */ = {
			isa = PBXNativeTarget;
			buildConfigurationList = 921625592593A8D7003713A1 /* Build configuration list for PBXNativeTarget "AnonAddyAPI" */;
			buildPhases = (
				9216254B2593A8D7003713A1 /* Headers */,
				9216254C2593A8D7003713A1 /* Sources */,
				9216254D2593A8D7003713A1 /* Frameworks */,
				9216254E2593A8D7003713A1 /* Resources */,
			);
			buildRules = (
			);
			dependencies = (
			);
			name = AnonAddyAPI;
			productName = AnonAddyAPI;
			productReference = 921625502593A8D7003713A1 /* AnonAddyAPI.framework */;
			productType = "com.apple.product-type.framework";
		};
/* End PBXNativeTarget section */

/* Begin PBXProject section */
		921625232593A84F003713A1 /* Project object */ = {
			isa = PBXProject;
			attributes = {
				LastSwiftUpdateCheck = 1230;
				LastUpgradeCheck = 1240;
				TargetAttributes = {
					9216252E2593A850003713A1 = {
						CreatedOnToolsVersion = 12.3;
					};
					921625362593A850003713A1 = {
						CreatedOnToolsVersion = 12.3;
					};
					9216254F2593A8D7003713A1 = {
						CreatedOnToolsVersion = 12.3;
						LastSwiftMigration = 1230;
					};
				};
			};
			buildConfigurationList = 921625262593A84F003713A1 /* Build configuration list for PBXProject "AnonAddyClient" */;
			compatibilityVersion = "Xcode 9.3";
			developmentRegion = en;
			hasScannedForEncodings = 0;
			knownRegions = (
				en,
				Base,
			);
			mainGroup = 921625222593A84F003713A1;
			packageReferences = (
				92BE521925D19A4D00E344FC /* XCRemoteSwiftPackageReference "KeychainAccess" */,
				921589EA25DA0CFE00C59A51 /* XCRemoteSwiftPackageReference "CombineExt" */,
			);
			productRefGroup = 921625302593A850003713A1 /* Products */;
			projectDirPath = "";
			projectRoot = "";
			targets = (
				9216252E2593A850003713A1 /* AnonAddyClient (iOS) */,
				921625362593A850003713A1 /* AnonAddyClient (macOS) */,
				9216254F2593A8D7003713A1 /* AnonAddyAPI */,
			);
		};
/* End PBXProject section */

/* Begin PBXResourcesBuildPhase section */
		9216252D2593A850003713A1 /* Resources */ = {
			isa = PBXResourcesBuildPhase;
			buildActionMask = 2147483647;
			files = (
				92BE51FD25D0809800E344FC /* Login.strings in Resources */,
				9216253F2593A850003713A1 /* Assets.xcassets in Resources */,
				9287968C25DF2C94006DB73F /* AliasListItem.strings in Resources */,
				9207DC1A25DF495700AEF534 /* Authenticated.strings in Resources */,
				92B7248725DF2C1A006C6F14 /* AliasList.strings in Resources */,
			);
			runOnlyForDeploymentPostprocessing = 0;
		};
		921625352593A850003713A1 /* Resources */ = {
			isa = PBXResourcesBuildPhase;
			buildActionMask = 2147483647;
			files = (
				92BE51FE25D0809800E344FC /* Login.strings in Resources */,
				921625402593A850003713A1 /* Assets.xcassets in Resources */,
				9287968D25DF2C94006DB73F /* AliasListItem.strings in Resources */,
				9207DC1B25DF495700AEF534 /* Authenticated.strings in Resources */,
				92B7248825DF2C1A006C6F14 /* AliasList.strings in Resources */,
			);
			runOnlyForDeploymentPostprocessing = 0;
		};
		9216254E2593A8D7003713A1 /* Resources */ = {
			isa = PBXResourcesBuildPhase;
			buildActionMask = 2147483647;
			files = (
			);
			runOnlyForDeploymentPostprocessing = 0;
		};
/* End PBXResourcesBuildPhase section */

/* Begin PBXSourcesBuildPhase section */
		9216252B2593A850003713A1 /* Sources */ = {
			isa = PBXSourcesBuildPhase;
			buildActionMask = 2147483647;
			files = (
				92BE51F225D07AF500E344FC /* Assets.swift in Sources */,
				92BE520925D08BA500E344FC /* DisabledButtonStyle.swift in Sources */,
				920B0DA625D9D45C002C8AB3 /* Date+Descriptions.swift in Sources */,
				921EC1FA25D9BCA5009F39A1 /* AliasEmailView.swift in Sources */,
				921EC1FF25D9BD3B009F39A1 /* StackedListItemView.swift in Sources */,
				92B7248225DF2BA3006C6F14 /* FakeAliasListItemViewModel.swift in Sources */,
				924815FD25DEC88000A7C485 /* CommitableTextFieldViewModel.swift in Sources */,
				923FAD1225D78C1C00EAAE2B /* AliasListItemView.swift in Sources */,
				9216253D2593A850003713A1 /* ContentView.swift in Sources */,
				92158A6F25DAD14A00C59A51 /* AliasesModel.swift in Sources */,
				92A805F725D752BA0085AA9F /* AuthenticatedView.swift in Sources */,
				9251435825DC947E003432C3 /* CommitableTextField.swift in Sources */,
				92B7247D25DF2B85006C6F14 /* AliasListItemViewModel.swift in Sources */,
				9281B8C025E0452B004AEED6 /* AliasEnabledView.swift in Sources */,
				921589E725DA092C00C59A51 /* AccountModel.swift in Sources */,
				92B7247625DF2B61006C6F14 /* AliasListItemViewModelProtocol.swift in Sources */,
				92638C0925D761E300B53A76 /* CompactAuthenticatedView.swift in Sources */,
				92BE522225D1A3F900E344FC /* ActivityIndicatorView.swift in Sources */,
				921589E225DA08FC00C59A51 /* AppModel.swift in Sources */,
				92BE51FA25D07BF700E344FC /* LoginView.swift in Sources */,
				92638C0325D75D6600B53A76 /* Client+Preview.swift in Sources */,
				921589F225DA0DDA00C59A51 /* Publisher+Optional.swift in Sources */,
				92BE520525D0864D00E344FC /* LoginViewModel.swift in Sources */,
				9216253B2593A850003713A1 /* AnonAddyClientApp.swift in Sources */,
				92158A7425DAD7E500C59A51 /* AuthenticatedModel.swift in Sources */,
				926B6CD125DED5FE00C1A171 /* AliasModel.swift in Sources */,
				92638C0F25D762DB00B53A76 /* RegularAuthenticatedView.swift in Sources */,
				92EADB4F25D77C6F0051EF08 /* AliasListView.swift in Sources */,
			);
			runOnlyForDeploymentPostprocessing = 0;
		};
		921625332593A850003713A1 /* Sources */ = {
			isa = PBXSourcesBuildPhase;
			buildActionMask = 2147483647;
			files = (
				9216253E2593A850003713A1 /* ContentView.swift in Sources */,
				92BE520A25D08BA500E344FC /* DisabledButtonStyle.swift in Sources */,
				920B0DA725D9D45C002C8AB3 /* Date+Descriptions.swift in Sources */,
				921EC1FB25D9BCA5009F39A1 /* AliasEmailView.swift in Sources */,
				921EC20025D9BD3B009F39A1 /* StackedListItemView.swift in Sources */,
				92B7248325DF2BA3006C6F14 /* FakeAliasListItemViewModel.swift in Sources */,
				924815FE25DEC88000A7C485 /* CommitableTextFieldViewModel.swift in Sources */,
				923FAD1125D78C1B00EAAE2B /* AliasListItemView.swift in Sources */,
				9216253C2593A850003713A1 /* AnonAddyClientApp.swift in Sources */,
				92158A7025DAD14A00C59A51 /* AliasesModel.swift in Sources */,
				92A805F825D752BA0085AA9F /* AuthenticatedView.swift in Sources */,
				9251435925DC947E003432C3 /* CommitableTextField.swift in Sources */,
				92B7247E25DF2B85006C6F14 /* AliasListItemViewModel.swift in Sources */,
				9281B8C125E0452B004AEED6 /* AliasEnabledView.swift in Sources */,
				921589E825DA092C00C59A51 /* AccountModel.swift in Sources */,
				92B7247725DF2B61006C6F14 /* AliasListItemViewModelProtocol.swift in Sources */,
				92638C0A25D761E300B53A76 /* CompactAuthenticatedView.swift in Sources */,
				92BE522325D1A3F900E344FC /* ActivityIndicatorView.swift in Sources */,
				921589E425DA08FE00C59A51 /* AppModel.swift in Sources */,
				92BE51F825D07BF600E344FC /* LoginView.swift in Sources */,
				92638C0425D75D6600B53A76 /* Client+Preview.swift in Sources */,
				921589F325DA0DDA00C59A51 /* Publisher+Optional.swift in Sources */,
				92BE520625D0864D00E344FC /* LoginViewModel.swift in Sources */,
				92BE51F525D07BEF00E344FC /* Assets.swift in Sources */,
				92158A7525DAD7E500C59A51 /* AuthenticatedModel.swift in Sources */,
				926B6CD225DED5FE00C1A171 /* AliasModel.swift in Sources */,
				92638C1025D762DB00B53A76 /* RegularAuthenticatedView.swift in Sources */,
				92EADB5025D77C6F0051EF08 /* AliasListView.swift in Sources */,
			);
			runOnlyForDeploymentPostprocessing = 0;
		};
		9216254C2593A8D7003713A1 /* Sources */ = {
			isa = PBXSourcesBuildPhase;
			buildActionMask = 2147483647;
			files = (
				928A5F8E25D05BCA00D6AE90 /* NetworkResponse.swift in Sources */,
				928A5F8525D05B1100D6AE90 /* EndpointKinds.swift in Sources */,
				92EADB3E25D7794E0051EF08 /* Alias.swift in Sources */,
				928A5F9725D05C2C00D6AE90 /* URLSession+Request.swift in Sources */,
				928A5F8225D05AEB00D6AE90 /* Endpoint.swift in Sources */,
				9239337D2593DF49002B5CFC /* Account.swift in Sources */,
				92BE521225D194D600E344FC /* APIError.swift in Sources */,
				928A5F8925D05B6500D6AE90 /* AccountLoader.swift in Sources */,
				928A5F7E25D05AB100D6AE90 /* EndpointKind.swift in Sources */,
				9216258E2593B500003713A1 /* Client.swift in Sources */,
				9207DC2625DF64E700AEF534 /* Array+QueryItem.swift in Sources */,
				9207DC2225DF647100AEF534 /* HTTPMethod.swift in Sources */,
				921625912593B5D6003713A1 /* AccessToken.swift in Sources */,
				92EADB4525D77A800051EF08 /* Email.swift in Sources */,
				9207DC1E25DF642A00AEF534 /* EmptyResponse.swift in Sources */,
				92BE520E25D194A100E344FC /* DataTaskPublisher+Validation.swift in Sources */,
				92EADB5725D77D100051EF08 /* AliasLoader.swift in Sources */,
				92EADB5A25D780EE0051EF08 /* JSONDecoder+DefaultTypes.swift in Sources */,
				92EADB4225D7799D0051EF08 /* Domain.swift in Sources */,
			);
			runOnlyForDeploymentPostprocessing = 0;
		};
/* End PBXSourcesBuildPhase section */

/* Begin PBXTargetDependency section */
		921625562593A8D7003713A1 /* PBXTargetDependency */ = {
			isa = PBXTargetDependency;
			target = 9216254F2593A8D7003713A1 /* AnonAddyAPI */;
			targetProxy = 921625552593A8D7003713A1 /* PBXContainerItemProxy */;
		};
		9216258A2593B02F003713A1 /* PBXTargetDependency */ = {
			isa = PBXTargetDependency;
			target = 9216254F2593A8D7003713A1 /* AnonAddyAPI */;
			targetProxy = 921625892593B02F003713A1 /* PBXContainerItemProxy */;
		};
/* End PBXTargetDependency section */

/* Begin XCBuildConfiguration section */
		921625412593A850003713A1 /* Debug */ = {
			isa = XCBuildConfiguration;
			buildSettings = {
				ALWAYS_SEARCH_USER_PATHS = NO;
				CLANG_ANALYZER_NONNULL = YES;
				CLANG_ANALYZER_NUMBER_OBJECT_CONVERSION = YES_AGGRESSIVE;
				CLANG_CXX_LANGUAGE_STANDARD = "gnu++14";
				CLANG_CXX_LIBRARY = "libc++";
				CLANG_ENABLE_MODULES = YES;
				CLANG_ENABLE_OBJC_ARC = YES;
				CLANG_ENABLE_OBJC_WEAK = YES;
				CLANG_WARN_BLOCK_CAPTURE_AUTORELEASING = YES;
				CLANG_WARN_BOOL_CONVERSION = YES;
				CLANG_WARN_COMMA = YES;
				CLANG_WARN_CONSTANT_CONVERSION = YES;
				CLANG_WARN_DEPRECATED_OBJC_IMPLEMENTATIONS = YES;
				CLANG_WARN_DIRECT_OBJC_ISA_USAGE = YES_ERROR;
				CLANG_WARN_DOCUMENTATION_COMMENTS = YES;
				CLANG_WARN_EMPTY_BODY = YES;
				CLANG_WARN_ENUM_CONVERSION = YES;
				CLANG_WARN_INFINITE_RECURSION = YES;
				CLANG_WARN_INT_CONVERSION = YES;
				CLANG_WARN_NON_LITERAL_NULL_CONVERSION = YES;
				CLANG_WARN_OBJC_IMPLICIT_RETAIN_SELF = YES;
				CLANG_WARN_OBJC_LITERAL_CONVERSION = YES;
				CLANG_WARN_OBJC_ROOT_CLASS = YES_ERROR;
				CLANG_WARN_QUOTED_INCLUDE_IN_FRAMEWORK_HEADER = YES;
				CLANG_WARN_RANGE_LOOP_ANALYSIS = YES;
				CLANG_WARN_STRICT_PROTOTYPES = YES;
				CLANG_WARN_SUSPICIOUS_MOVE = YES;
				CLANG_WARN_UNGUARDED_AVAILABILITY = YES_AGGRESSIVE;
				CLANG_WARN_UNREACHABLE_CODE = YES;
				CLANG_WARN__DUPLICATE_METHOD_MATCH = YES;
				COPY_PHASE_STRIP = NO;
				DEBUG_INFORMATION_FORMAT = dwarf;
				ENABLE_STRICT_OBJC_MSGSEND = YES;
				ENABLE_TESTABILITY = YES;
				GCC_C_LANGUAGE_STANDARD = gnu11;
				GCC_DYNAMIC_NO_PIC = NO;
				GCC_NO_COMMON_BLOCKS = YES;
				GCC_OPTIMIZATION_LEVEL = 0;
				GCC_PREPROCESSOR_DEFINITIONS = (
					"DEBUG=1",
					"$(inherited)",
				);
				GCC_WARN_64_TO_32_BIT_CONVERSION = YES;
				GCC_WARN_ABOUT_RETURN_TYPE = YES_ERROR;
				GCC_WARN_UNDECLARED_SELECTOR = YES;
				GCC_WARN_UNINITIALIZED_AUTOS = YES_AGGRESSIVE;
				GCC_WARN_UNUSED_FUNCTION = YES;
				GCC_WARN_UNUSED_VARIABLE = YES;
				MTL_ENABLE_DEBUG_INFO = INCLUDE_SOURCE;
				MTL_FAST_MATH = YES;
				ONLY_ACTIVE_ARCH = YES;
				SWIFT_ACTIVE_COMPILATION_CONDITIONS = DEBUG;
				SWIFT_OPTIMIZATION_LEVEL = "-Onone";
			};
			name = Debug;
		};
		921625422593A850003713A1 /* Release */ = {
			isa = XCBuildConfiguration;
			buildSettings = {
				ALWAYS_SEARCH_USER_PATHS = NO;
				CLANG_ANALYZER_NONNULL = YES;
				CLANG_ANALYZER_NUMBER_OBJECT_CONVERSION = YES_AGGRESSIVE;
				CLANG_CXX_LANGUAGE_STANDARD = "gnu++14";
				CLANG_CXX_LIBRARY = "libc++";
				CLANG_ENABLE_MODULES = YES;
				CLANG_ENABLE_OBJC_ARC = YES;
				CLANG_ENABLE_OBJC_WEAK = YES;
				CLANG_WARN_BLOCK_CAPTURE_AUTORELEASING = YES;
				CLANG_WARN_BOOL_CONVERSION = YES;
				CLANG_WARN_COMMA = YES;
				CLANG_WARN_CONSTANT_CONVERSION = YES;
				CLANG_WARN_DEPRECATED_OBJC_IMPLEMENTATIONS = YES;
				CLANG_WARN_DIRECT_OBJC_ISA_USAGE = YES_ERROR;
				CLANG_WARN_DOCUMENTATION_COMMENTS = YES;
				CLANG_WARN_EMPTY_BODY = YES;
				CLANG_WARN_ENUM_CONVERSION = YES;
				CLANG_WARN_INFINITE_RECURSION = YES;
				CLANG_WARN_INT_CONVERSION = YES;
				CLANG_WARN_NON_LITERAL_NULL_CONVERSION = YES;
				CLANG_WARN_OBJC_IMPLICIT_RETAIN_SELF = YES;
				CLANG_WARN_OBJC_LITERAL_CONVERSION = YES;
				CLANG_WARN_OBJC_ROOT_CLASS = YES_ERROR;
				CLANG_WARN_QUOTED_INCLUDE_IN_FRAMEWORK_HEADER = YES;
				CLANG_WARN_RANGE_LOOP_ANALYSIS = YES;
				CLANG_WARN_STRICT_PROTOTYPES = YES;
				CLANG_WARN_SUSPICIOUS_MOVE = YES;
				CLANG_WARN_UNGUARDED_AVAILABILITY = YES_AGGRESSIVE;
				CLANG_WARN_UNREACHABLE_CODE = YES;
				CLANG_WARN__DUPLICATE_METHOD_MATCH = YES;
				COPY_PHASE_STRIP = NO;
				DEBUG_INFORMATION_FORMAT = "dwarf-with-dsym";
				ENABLE_NS_ASSERTIONS = NO;
				ENABLE_STRICT_OBJC_MSGSEND = YES;
				GCC_C_LANGUAGE_STANDARD = gnu11;
				GCC_NO_COMMON_BLOCKS = YES;
				GCC_WARN_64_TO_32_BIT_CONVERSION = YES;
				GCC_WARN_ABOUT_RETURN_TYPE = YES_ERROR;
				GCC_WARN_UNDECLARED_SELECTOR = YES;
				GCC_WARN_UNINITIALIZED_AUTOS = YES_AGGRESSIVE;
				GCC_WARN_UNUSED_FUNCTION = YES;
				GCC_WARN_UNUSED_VARIABLE = YES;
				MTL_ENABLE_DEBUG_INFO = NO;
				MTL_FAST_MATH = YES;
				SWIFT_COMPILATION_MODE = wholemodule;
				SWIFT_OPTIMIZATION_LEVEL = "-O";
			};
			name = Release;
		};
		921625442593A850003713A1 /* Debug */ = {
			isa = XCBuildConfiguration;
			buildSettings = {
				ALWAYS_EMBED_SWIFT_STANDARD_LIBRARIES = YES;
				ASSETCATALOG_COMPILER_APPICON_NAME = AppIcon;
				ASSETCATALOG_COMPILER_GLOBAL_ACCENT_COLOR_NAME = AccentColor;
				CODE_SIGN_STYLE = Automatic;
				DEVELOPMENT_TEAM = 8QEC3K9K4B;
				ENABLE_PREVIEWS = YES;
				INFOPLIST_FILE = iOS/Info.plist;
				IPHONEOS_DEPLOYMENT_TARGET = 14.3;
				LD_RUNPATH_SEARCH_PATHS = (
					"$(inherited)",
					"@executable_path/Frameworks",
				);
				PRODUCT_BUNDLE_IDENTIFIER = com.zachmcgaughey.AnonAddyClient;
				PRODUCT_NAME = AnonAddyClient;
				SDKROOT = iphoneos;
				SWIFT_VERSION = 5.0;
				TARGETED_DEVICE_FAMILY = "1,2";
			};
			name = Debug;
		};
		921625452593A850003713A1 /* Release */ = {
			isa = XCBuildConfiguration;
			buildSettings = {
				ALWAYS_EMBED_SWIFT_STANDARD_LIBRARIES = YES;
				ASSETCATALOG_COMPILER_APPICON_NAME = AppIcon;
				ASSETCATALOG_COMPILER_GLOBAL_ACCENT_COLOR_NAME = AccentColor;
				CODE_SIGN_STYLE = Automatic;
				DEVELOPMENT_TEAM = 8QEC3K9K4B;
				ENABLE_PREVIEWS = YES;
				INFOPLIST_FILE = iOS/Info.plist;
				IPHONEOS_DEPLOYMENT_TARGET = 14.3;
				LD_RUNPATH_SEARCH_PATHS = (
					"$(inherited)",
					"@executable_path/Frameworks",
				);
				PRODUCT_BUNDLE_IDENTIFIER = com.zachmcgaughey.AnonAddyClient;
				PRODUCT_NAME = AnonAddyClient;
				SDKROOT = iphoneos;
				SWIFT_VERSION = 5.0;
				TARGETED_DEVICE_FAMILY = "1,2";
				VALIDATE_PRODUCT = YES;
			};
			name = Release;
		};
		921625472593A850003713A1 /* Debug */ = {
			isa = XCBuildConfiguration;
			buildSettings = {
				ALWAYS_EMBED_SWIFT_STANDARD_LIBRARIES = YES;
				ASSETCATALOG_COMPILER_APPICON_NAME = AppIcon;
				ASSETCATALOG_COMPILER_GLOBAL_ACCENT_COLOR_NAME = AccentColor;
				CODE_SIGN_ENTITLEMENTS = macOS/macOS.entitlements;
				CODE_SIGN_IDENTITY = "-";
				CODE_SIGN_STYLE = Automatic;
				COMBINE_HIDPI_IMAGES = YES;
				DEVELOPMENT_TEAM = 8QEC3K9K4B;
				ENABLE_HARDENED_RUNTIME = YES;
				ENABLE_PREVIEWS = YES;
				INFOPLIST_FILE = macOS/Info.plist;
				LD_RUNPATH_SEARCH_PATHS = (
					"$(inherited)",
					"@executable_path/../Frameworks",
				);
				MACOSX_DEPLOYMENT_TARGET = 11.1;
				PRODUCT_BUNDLE_IDENTIFIER = com.zachmcgaughey.AnonAddyClient;
				PRODUCT_NAME = AnonAddyClient;
				SDKROOT = macosx;
				SWIFT_VERSION = 5.0;
			};
			name = Debug;
		};
		921625482593A850003713A1 /* Release */ = {
			isa = XCBuildConfiguration;
			buildSettings = {
				ALWAYS_EMBED_SWIFT_STANDARD_LIBRARIES = YES;
				ASSETCATALOG_COMPILER_APPICON_NAME = AppIcon;
				ASSETCATALOG_COMPILER_GLOBAL_ACCENT_COLOR_NAME = AccentColor;
				CODE_SIGN_ENTITLEMENTS = macOS/macOS.entitlements;
				CODE_SIGN_IDENTITY = "-";
				CODE_SIGN_STYLE = Automatic;
				COMBINE_HIDPI_IMAGES = YES;
				DEVELOPMENT_TEAM = 8QEC3K9K4B;
				ENABLE_HARDENED_RUNTIME = YES;
				ENABLE_PREVIEWS = YES;
				INFOPLIST_FILE = macOS/Info.plist;
				LD_RUNPATH_SEARCH_PATHS = (
					"$(inherited)",
					"@executable_path/../Frameworks",
				);
				MACOSX_DEPLOYMENT_TARGET = 11.1;
				PRODUCT_BUNDLE_IDENTIFIER = com.zachmcgaughey.AnonAddyClient;
				PRODUCT_NAME = AnonAddyClient;
				SDKROOT = macosx;
				SWIFT_VERSION = 5.0;
			};
			name = Release;
		};
		9216255A2593A8D7003713A1 /* Debug */ = {
			isa = XCBuildConfiguration;
			buildSettings = {
				CLANG_ENABLE_MODULES = YES;
				CODE_SIGN_STYLE = Automatic;
				CURRENT_PROJECT_VERSION = 1;
				DEFINES_MODULE = YES;
				DEVELOPMENT_TEAM = 8QEC3K9K4B;
				DYLIB_COMPATIBILITY_VERSION = 1;
				DYLIB_CURRENT_VERSION = 1;
				DYLIB_INSTALL_NAME_BASE = "@rpath";
				INFOPLIST_FILE = AnonAddyAPI/Info.plist;
				INSTALL_PATH = "$(LOCAL_LIBRARY_DIR)/Frameworks";
				IPHONEOS_DEPLOYMENT_TARGET = 14.3;
				LD_RUNPATH_SEARCH_PATHS = (
					"$(inherited)",
					"@executable_path/Frameworks",
					"@loader_path/Frameworks",
				);
				PRODUCT_BUNDLE_IDENTIFIER = com.zachmcgaughey.AnonAddyAPI;
				PRODUCT_NAME = "$(TARGET_NAME:c99extidentifier)";
				SDKROOT = iphoneos;
				SKIP_INSTALL = YES;
				SUPPORTED_PLATFORMS = "iphonesimulator iphoneos macosx";
				SUPPORTS_MAC_DESIGNED_FOR_IPHONE_IPAD = NO;
				SWIFT_OPTIMIZATION_LEVEL = "-Onone";
				SWIFT_VERSION = 5.0;
				TARGETED_DEVICE_FAMILY = "1,2,6";
				VERSIONING_SYSTEM = "apple-generic";
				VERSION_INFO_PREFIX = "";
			};
			name = Debug;
		};
		9216255B2593A8D7003713A1 /* Release */ = {
			isa = XCBuildConfiguration;
			buildSettings = {
				CLANG_ENABLE_MODULES = YES;
				CODE_SIGN_STYLE = Automatic;
				CURRENT_PROJECT_VERSION = 1;
				DEFINES_MODULE = YES;
				DEVELOPMENT_TEAM = 8QEC3K9K4B;
				DYLIB_COMPATIBILITY_VERSION = 1;
				DYLIB_CURRENT_VERSION = 1;
				DYLIB_INSTALL_NAME_BASE = "@rpath";
				INFOPLIST_FILE = AnonAddyAPI/Info.plist;
				INSTALL_PATH = "$(LOCAL_LIBRARY_DIR)/Frameworks";
				IPHONEOS_DEPLOYMENT_TARGET = 14.3;
				LD_RUNPATH_SEARCH_PATHS = (
					"$(inherited)",
					"@executable_path/Frameworks",
					"@loader_path/Frameworks",
				);
				PRODUCT_BUNDLE_IDENTIFIER = com.zachmcgaughey.AnonAddyAPI;
				PRODUCT_NAME = "$(TARGET_NAME:c99extidentifier)";
				SDKROOT = iphoneos;
				SKIP_INSTALL = YES;
				SUPPORTED_PLATFORMS = "iphonesimulator iphoneos macosx";
				SUPPORTS_MAC_DESIGNED_FOR_IPHONE_IPAD = NO;
				SWIFT_VERSION = 5.0;
				TARGETED_DEVICE_FAMILY = "1,2,6";
				VALIDATE_PRODUCT = YES;
				VERSIONING_SYSTEM = "apple-generic";
				VERSION_INFO_PREFIX = "";
			};
			name = Release;
		};
/* End XCBuildConfiguration section */

/* Begin XCConfigurationList section */
		921625262593A84F003713A1 /* Build configuration list for PBXProject "AnonAddyClient" */ = {
			isa = XCConfigurationList;
			buildConfigurations = (
				921625412593A850003713A1 /* Debug */,
				921625422593A850003713A1 /* Release */,
			);
			defaultConfigurationIsVisible = 0;
			defaultConfigurationName = Release;
		};
		921625432593A850003713A1 /* Build configuration list for PBXNativeTarget "AnonAddyClient (iOS)" */ = {
			isa = XCConfigurationList;
			buildConfigurations = (
				921625442593A850003713A1 /* Debug */,
				921625452593A850003713A1 /* Release */,
			);
			defaultConfigurationIsVisible = 0;
			defaultConfigurationName = Release;
		};
		921625462593A850003713A1 /* Build configuration list for PBXNativeTarget "AnonAddyClient (macOS)" */ = {
			isa = XCConfigurationList;
			buildConfigurations = (
				921625472593A850003713A1 /* Debug */,
				921625482593A850003713A1 /* Release */,
			);
			defaultConfigurationIsVisible = 0;
			defaultConfigurationName = Release;
		};
		921625592593A8D7003713A1 /* Build configuration list for PBXNativeTarget "AnonAddyAPI" */ = {
			isa = XCConfigurationList;
			buildConfigurations = (
				9216255A2593A8D7003713A1 /* Debug */,
				9216255B2593A8D7003713A1 /* Release */,
			);
			defaultConfigurationIsVisible = 0;
			defaultConfigurationName = Release;
		};
/* End XCConfigurationList section */

/* Begin XCRemoteSwiftPackageReference section */
		921589EA25DA0CFE00C59A51 /* XCRemoteSwiftPackageReference "CombineExt" */ = {
			isa = XCRemoteSwiftPackageReference;
			repositoryURL = "https://github.com/CombineCommunity/CombineExt";
			requirement = {
				kind = upToNextMajorVersion;
				minimumVersion = 1.2.0;
			};
		};
		92BE521925D19A4D00E344FC /* XCRemoteSwiftPackageReference "KeychainAccess" */ = {
			isa = XCRemoteSwiftPackageReference;
			repositoryURL = "https://github.com/kishikawakatsumi/KeychainAccess";
			requirement = {
				kind = upToNextMajorVersion;
				minimumVersion = 4.2.1;
			};
		};
/* End XCRemoteSwiftPackageReference section */

/* Begin XCSwiftPackageProductDependency section */
		921589EB25DA0CFE00C59A51 /* CombineExt */ = {
			isa = XCSwiftPackageProductDependency;
			package = 921589EA25DA0CFE00C59A51 /* XCRemoteSwiftPackageReference "CombineExt" */;
			productName = CombineExt;
		};
		921589EE25DA0D0B00C59A51 /* CombineExt */ = {
			isa = XCSwiftPackageProductDependency;
			package = 921589EA25DA0CFE00C59A51 /* XCRemoteSwiftPackageReference "CombineExt" */;
			productName = CombineExt;
		};
		92BE521A25D19A4D00E344FC /* KeychainAccess */ = {
			isa = XCSwiftPackageProductDependency;
			package = 92BE521925D19A4D00E344FC /* XCRemoteSwiftPackageReference "KeychainAccess" */;
			productName = KeychainAccess;
		};
		92BE521D25D19A9700E344FC /* KeychainAccess */ = {
			isa = XCSwiftPackageProductDependency;
			package = 92BE521925D19A4D00E344FC /* XCRemoteSwiftPackageReference "KeychainAccess" */;
			productName = KeychainAccess;
		};
/* End XCSwiftPackageProductDependency section */
	};
	rootObject = 921625232593A84F003713A1 /* Project object */;
}
